# This file is autogenerated, do not edit; changes may be undone by the next 'dep ensure'.


[[projects]]
  digest = "1:af43bdaaf86655a2343f113e9b293bbc16b12099eaeb223982bbe4d4c22ba14d"
  name = "github.com/fatih/structs"
  packages = ["."]
  pruneopts = "UT"
  revision = "4966fc68f5b7593aafa6cbbba2d65ec6e1416047"
  version = "v1.1.0"

[[projects]]
  branch = "master"
  digest = "1:ad1f867d4b1267b09945f59bb47aa51528bfcc4d1e257168f04fa3176613f286"
  name = "github.com/shurcooL/graphql"
  packages = [
    ".",
    "ident",
    "internal/jsonutil",
  ]
  pruneopts = "UT"
  revision = "16b88644589aaa174a21ae55cac72a9f60d5d837"

[[projects]]
  digest = "1:b24d38b282bacf9791408a080f606370efa3d364e4b5fd9ba0f7b87786d3b679"
  name = "github.com/urfave/cli"
  packages = ["."]
  pruneopts = "UT"
  revision = "cfb38830724cc34fedffe9a2a29fb54fa9169cd1"
  version = "v1.20.0"

[[projects]]
  branch = "master"
  digest = "1:7ccb2dbb79f60b4e530c7dc3a0b3681b3869cf7ea91c645735e4dd4e6e3264fd"
  name = "golang.org/x/net"
  packages = ["context/ctxhttp"]
  pruneopts = "UT"
  revision = "e147a9138326bc0e9d4e179541ffd8af41cff8a9"

[solve-meta]
  analyzer-name = "dep"
  analyzer-version = 1
  input-imports = [
    "github.com/fatih/structs",
    "github.com/shurcooL/graphql",
    "github.com/urfave/cli",
  ]
  solver-name = "gps-cdcl"
  solver-version = 1
